
Microsoft Visual Studio Solution File, Format Version 12.00
# Visual Studio Version 17
VisualStudioVersion = 17.0.32112.339
MinimumVisualStudioVersion = 10.0.40219.1
Project("{9A19103F-16F7-4668-BE54-9A1E7A4F7556}") = "Infra.GeradorProvas", "Repositorio.GeradorProvas\Infra.GeradorProvas.csproj", "{7011E693-FDFE-43C3-9169-09F2499A87E1}"
EndProject
Project("{FAE04EC0-301F-11D3-BF4B-00C04F79EFBC}") = "Dominio.GeradorProvas", "Dominio.GeradorProvas\Dominio.GeradorProvas.csproj", "{B46132F9-A3DE-45E1-AC88-1AE00D246FE5}"
EndProject
Project("{FAE04EC0-301F-11D3-BF4B-00C04F79EFBC}") = "Apresentacao.GeradorProvas", "Apresentacao.GeradorProvas\Apresentacao.GeradorProvas.csproj", "{AA10A4EA-4A5D-427E-90C5-279F51227A52}"
EndProject
Global
	GlobalSection(SolutionConfigurationPlatforms) = preSolution
		Debug|Any CPU = Debug|Any CPU
		Release|Any CPU = Release|Any CPU
	EndGlobalSection
	GlobalSection(ProjectConfigurationPlatforms) = postSolution
		{7011E693-FDFE-43C3-9169-09F2499A87E1}.Debug|Any CPU.ActiveCfg = Debug|Any CPU
		{7011E693-FDFE-43C3-9169-09F2499A87E1}.Debug|Any CPU.Build.0 = Debug|Any CPU
		{7011E693-FDFE-43C3-9169-09F2499A87E1}.Release|Any CPU.ActiveCfg = Release|Any CPU
		{7011E693-FDFE-43C3-9169-09F2499A87E1}.Release|Any CPU.Build.0 = Release|Any CPU
		{B46132F9-A3DE-45E1-AC88-1AE00D246FE5}.Debug|Any CPU.ActiveCfg = Debug|Any CPU
		{B46132F9-A3DE-45E1-AC88-1AE00D246FE5}.Debug|Any CPU.Build.0 = Debug|Any CPU
		{B46132F9-A3DE-45E1-AC88-1AE00D246FE5}.Release|Any CPU.ActiveCfg = Release|Any CPU
		{B46132F9-A3DE-45E1-AC88-1AE00D246FE5}.Release|Any CPU.Build.0 = Release|Any CPU
		{AA10A4EA-4A5D-427E-90C5-279F51227A52}.Debug|Any CPU.ActiveCfg = Debug|Any CPU
		{AA10A4EA-4A5D-427E-90C5-279F51227A52}.Debug|Any CPU.Build.0 = Debug|Any CPU
		{AA10A4EA-4A5D-427E-90C5-279F51227A52}.Release|Any CPU.ActiveCfg = Release|Any CPU
		{AA10A4EA-4A5D-427E-90C5-279F51227A52}.Release|Any CPU.Build.0 = Release|Any CPU
	EndGlobalSection
	GlobalSection(SolutionProperties) = preSolution
		HideSolutionNode = FALSE
	EndGlobalSection
	GlobalSection(ExtensibilityGlobals) = postSolution
		SolutionGuid = {FEF34062-CA56-44E9-825B-7815216BC35D}
	EndGlobalSection
EndGlobal
